{
  "name": "@swellaby/nyc-config-complete-coverage",
  "version": "1.0.1",
  "lockfileVersion": 1,
  "requires": true,
  "dependencies": {
    "@swellaby/nyc-config": {
      "version": "0.0.2",
      "resolved": "https://registry.npmjs.org/@swellaby/nyc-config/-/nyc-config-0.0.2.tgz",
      "integrity": "sha512-tkIDN4po319Avl4EjzwE57uq7lvD2vV/0mHNuan5Tdt/VTnjnGHVbMDvSogifs+5gIjr8HvOFuOVNOgohxp2WA=="
    }
  }
}
